// !$*UTF8*$!
{
	archiveVersion = 1;
	classes = {
	};
	objectVersion = 55;
	objects = {

/* Begin PBXBuildFile section */
		224D40AC282DAAB40025E1EB /* HomeViewController.swift in Sources */ = {isa = PBXBuildFile; fileRef = 224D40AB282DAAB40025E1EB /* HomeViewController.swift */; };
		224D40D0282E776E0025E1EB /* PickerViewController.swift in Sources */ = {isa = PBXBuildFile; fileRef = 224D40CF282E776E0025E1EB /* PickerViewController.swift */; };
		224D40D4282E9ED60025E1EB /* HomeViewModel.swift in Sources */ = {isa = PBXBuildFile; fileRef = 224D40D3282E9ED60025E1EB /* HomeViewModel.swift */; };
		224D40E1282EF59D0025E1EB /* Localizable.strings in Resources */ = {isa = PBXBuildFile; fileRef = 224D40E3282EF59D0025E1EB /* Localizable.strings */; };
		224D40E9282F85E40025E1EB /* Extensions.swift in Sources */ = {isa = PBXBuildFile; fileRef = 224D40E8282F85E40025E1EB /* Extensions.swift */; };
		2272CE2C282FC4FE00DAE2A4 /* InfoPlist.strings in Resources */ = {isa = PBXBuildFile; fileRef = 2272CE2E282FC4FE00DAE2A4 /* InfoPlist.strings */; };
		2272CE31282FC76B00DAE2A4 /* FetchedContact.swift in Sources */ = {isa = PBXBuildFile; fileRef = 2272CE30282FC76B00DAE2A4 /* FetchedContact.swift */; };
		2272CE34282FC7C700DAE2A4 /* ContactsTableViewController.swift in Sources */ = {isa = PBXBuildFile; fileRef = 2272CE33282FC7C700DAE2A4 /* ContactsTableViewController.swift */; };
		2272CE36282FDFCE00DAE2A4 /* ContactsCell.swift in Sources */ = {isa = PBXBuildFile; fileRef = 2272CE35282FDFCE00DAE2A4 /* ContactsCell.swift */; };
		22E6A359282D4674008A651E /* AppDelegate.swift in Sources */ = {isa = PBXBuildFile; fileRef = 22E6A358282D4674008A651E /* AppDelegate.swift */; };
		22E6A35B282D4674008A651E /* SceneDelegate.swift in Sources */ = {isa = PBXBuildFile; fileRef = 22E6A35A282D4674008A651E /* SceneDelegate.swift */; };
		22E6A35D282D4674008A651E /* LoginViewController.swift in Sources */ = {isa = PBXBuildFile; fileRef = 22E6A35C282D4674008A651E /* LoginViewController.swift */; };
		22E6A360282D4674008A651E /* Main.storyboard in Resources */ = {isa = PBXBuildFile; fileRef = 22E6A35E282D4674008A651E /* Main.storyboard */; };
		22E6A362282D4675008A651E /* Assets.xcassets in Resources */ = {isa = PBXBuildFile; fileRef = 22E6A361282D4675008A651E /* Assets.xcassets */; };
		22E6A365282D4675008A651E /* LaunchScreen.storyboard in Resources */ = {isa = PBXBuildFile; fileRef = 22E6A363282D4675008A651E /* LaunchScreen.storyboard */; };
		76C7D5FF96D1C4FA737E8FFB /* Pods_ContactsFetcher.framework in Frameworks */ = {isa = PBXBuildFile; fileRef = 7FB4328607154E27A61838A5 /* Pods_ContactsFetcher.framework */; };
/* End PBXBuildFile section */

/* Begin PBXFileReference section */
		224D40AB282DAAB40025E1EB /* HomeViewController.swift */ = {isa = PBXFileReference; lastKnownFileType = sourcecode.swift; path = HomeViewController.swift; sourceTree = "<group>"; };
		224D40CF282E776E0025E1EB /* PickerViewController.swift */ = {isa = PBXFileReference; lastKnownFileType = sourcecode.swift; path = PickerViewController.swift; sourceTree = "<group>"; };
		224D40D3282E9ED60025E1EB /* HomeViewModel.swift */ = {isa = PBXFileReference; lastKnownFileType = sourcecode.swift; path = HomeViewModel.swift; sourceTree = "<group>"; };
		224D40E4282EF5B90025E1EB /* fr */ = {isa = PBXFileReference; lastKnownFileType = text.plist.strings; name = fr; path = fr.lproj/Localizable.strings; sourceTree = "<group>"; };
		224D40E5282EF5C10025E1EB /* en-GB */ = {isa = PBXFileReference; lastKnownFileType = text.plist.strings; name = "en-GB"; path = "en-GB.lproj/Localizable.strings"; sourceTree = "<group>"; };
		224D40E8282F85E40025E1EB /* Extensions.swift */ = {isa = PBXFileReference; lastKnownFileType = sourcecode.swift; path = Extensions.swift; sourceTree = "<group>"; };
		2272CE2D282FC4FE00DAE2A4 /* fr */ = {isa = PBXFileReference; lastKnownFileType = text.plist.strings; name = fr; path = fr.lproj/InfoPlist.strings; sourceTree = "<group>"; };
		2272CE2F282FC50800DAE2A4 /* en-GB */ = {isa = PBXFileReference; lastKnownFileType = text.plist.strings; name = "en-GB"; path = "en-GB.lproj/InfoPlist.strings"; sourceTree = "<group>"; };
		2272CE30282FC76B00DAE2A4 /* FetchedContact.swift */ = {isa = PBXFileReference; lastKnownFileType = sourcecode.swift; path = FetchedContact.swift; sourceTree = "<group>"; };
		2272CE33282FC7C700DAE2A4 /* ContactsTableViewController.swift */ = {isa = PBXFileReference; lastKnownFileType = sourcecode.swift; path = ContactsTableViewController.swift; sourceTree = "<group>"; };
		2272CE35282FDFCE00DAE2A4 /* ContactsCell.swift */ = {isa = PBXFileReference; lastKnownFileType = sourcecode.swift; path = ContactsCell.swift; sourceTree = "<group>"; };
		22E6A355282D4674008A651E /* ContactsFetcher.app */ = {isa = PBXFileReference; explicitFileType = wrapper.application; includeInIndex = 0; path = ContactsFetcher.app; sourceTree = BUILT_PRODUCTS_DIR; };
		22E6A358282D4674008A651E /* AppDelegate.swift */ = {isa = PBXFileReference; lastKnownFileType = sourcecode.swift; path = AppDelegate.swift; sourceTree = "<group>"; };
		22E6A35A282D4674008A651E /* SceneDelegate.swift */ = {isa = PBXFileReference; lastKnownFileType = sourcecode.swift; path = SceneDelegate.swift; sourceTree = "<group>"; };
		22E6A35C282D4674008A651E /* LoginViewController.swift */ = {isa = PBXFileReference; lastKnownFileType = sourcecode.swift; path = LoginViewController.swift; sourceTree = "<group>"; };
		22E6A35F282D4674008A651E /* Base */ = {isa = PBXFileReference; lastKnownFileType = file.storyboard; name = Base; path = Base.lproj/Main.storyboard; sourceTree = "<group>"; };
		22E6A361282D4675008A651E /* Assets.xcassets */ = {isa = PBXFileReference; lastKnownFileType = folder.assetcatalog; path = Assets.xcassets; sourceTree = "<group>"; };
		22E6A364282D4675008A651E /* Base */ = {isa = PBXFileReference; lastKnownFileType = file.storyboard; name = Base; path = Base.lproj/LaunchScreen.storyboard; sourceTree = "<group>"; };
		22E6A366282D4675008A651E /* Info.plist */ = {isa = PBXFileReference; lastKnownFileType = text.plist.xml; path = Info.plist; sourceTree = "<group>"; };
		70897CBFD20FFB48933DA684 /* Pods-ContactsFetcher.debug.xcconfig */ = {isa = PBXFileReference; includeInIndex = 1; lastKnownFileType = text.xcconfig; name = "Pods-ContactsFetcher.debug.xcconfig"; path = "Target Support Files/Pods-ContactsFetcher/Pods-ContactsFetcher.debug.xcconfig"; sourceTree = "<group>"; };
		7FB4328607154E27A61838A5 /* Pods_ContactsFetcher.framework */ = {isa = PBXFileReference; explicitFileType = wrapper.framework; includeInIndex = 0; path = Pods_ContactsFetcher.framework; sourceTree = BUILT_PRODUCTS_DIR; };
		F1C2F6B6C7806E62FE968FBD /* Pods-ContactsFetcher.release.xcconfig */ = {isa = PBXFileReference; includeInIndex = 1; lastKnownFileType = text.xcconfig; name = "Pods-ContactsFetcher.release.xcconfig"; path = "Target Support Files/Pods-ContactsFetcher/Pods-ContactsFetcher.release.xcconfig"; sourceTree = "<group>"; };
/* End PBXFileReference section */

/* Begin PBXFrameworksBuildPhase section */
		22E6A352282D4674008A651E /* Frameworks */ = {
			isa = PBXFrameworksBuildPhase;
			buildActionMask = 2147483647;
			files = (
				76C7D5FF96D1C4FA737E8FFB /* Pods_ContactsFetcher.framework in Frameworks */,
			);
			runOnlyForDeploymentPostprocessing = 0;
		};
/* End PBXFrameworksBuildPhase section */

/* Begin PBXGroup section */
		224ADDB8282D8695009F6AB7 /* ViewControllers */ = {
			isa = PBXGroup;
			children = (
				22E6A35C282D4674008A651E /* LoginViewController.swift */,
				224D40AB282DAAB40025E1EB /* HomeViewController.swift */,
				224D40CF282E776E0025E1EB /* PickerViewController.swift */,
				2272CE33282FC7C700DAE2A4 /* ContactsTableViewController.swift */,
				2272CE35282FDFCE00DAE2A4 /* ContactsCell.swift */,
			);
			path = ViewControllers;
			sourceTree = "<group>";
		};
		224D40D1282E9E9B0025E1EB /* ViewModels */ = {
			isa = PBXGroup;
			children = (
				224D40D3282E9ED60025E1EB /* HomeViewModel.swift */,
			);
			path = ViewModels;
			sourceTree = "<group>";
		};
		224D40E7282F85D50025E1EB /* Extensions */ = {
			isa = PBXGroup;
			children = (
				224D40E8282F85E40025E1EB /* Extensions.swift */,
			);
			path = Extensions;
			sourceTree = "<group>";
		};
		2272CE32282FC78300DAE2A4 /* Data */ = {
			isa = PBXGroup;
			children = (
				2272CE30282FC76B00DAE2A4 /* FetchedContact.swift */,
			);
			path = Data;
			sourceTree = "<group>";
		};
		22E6A34C282D4674008A651E = {
			isa = PBXGroup;
			children = (
				2272CE2E282FC4FE00DAE2A4 /* InfoPlist.strings */,
				224D40E3282EF59D0025E1EB /* Localizable.strings */,
				22E6A357282D4674008A651E /* ContactsFetcher */,
				22E6A356282D4674008A651E /* Products */,
				86B541194F900EAD14096375 /* Pods */,
				B9650FBFF73DAA3D2022C701 /* Frameworks */,
			);
			sourceTree = "<group>";
		};
		22E6A356282D4674008A651E /* Products */ = {
			isa = PBXGroup;
			children = (
				22E6A355282D4674008A651E /* ContactsFetcher.app */,
			);
			name = Products;
			sourceTree = "<group>";
		};
		22E6A357282D4674008A651E /* ContactsFetcher */ = {
			isa = PBXGroup;
			children = (
				2272CE32282FC78300DAE2A4 /* Data */,
				224D40E7282F85D50025E1EB /* Extensions */,
				224D40D1282E9E9B0025E1EB /* ViewModels */,
				224ADDB8282D8695009F6AB7 /* ViewControllers */,
				22E6A358282D4674008A651E /* AppDelegate.swift */,
				22E6A35A282D4674008A651E /* SceneDelegate.swift */,
				22E6A35E282D4674008A651E /* Main.storyboard */,
				22E6A361282D4675008A651E /* Assets.xcassets */,
				22E6A363282D4675008A651E /* LaunchScreen.storyboard */,
				22E6A366282D4675008A651E /* Info.plist */,
			);
			path = ContactsFetcher;
			sourceTree = "<group>";
		};
		86B541194F900EAD14096375 /* Pods */ = {
			isa = PBXGroup;
			children = (
				70897CBFD20FFB48933DA684 /* Pods-ContactsFetcher.debug.xcconfig */,
				F1C2F6B6C7806E62FE968FBD /* Pods-ContactsFetcher.release.xcconfig */,
			);
			path = Pods;
			sourceTree = "<group>";
		};
		B9650FBFF73DAA3D2022C701 /* Frameworks */ = {
			isa = PBXGroup;
			children = (
				7FB4328607154E27A61838A5 /* Pods_ContactsFetcher.framework */,
			);
			name = Frameworks;
			sourceTree = "<group>";
		};
/* End PBXGroup section */

/* Begin PBXNativeTarget section */
		22E6A354282D4674008A651E /* ContactsFetcher */ = {
			isa = PBXNativeTarget;
			buildConfigurationList = 22E6A369282D4675008A651E /* Build configuration list for PBXNativeTarget "ContactsFetcher" */;
			buildPhases = (
				DE3DACEC6948A60392789C5F /* [CP] Check Pods Manifest.lock */,
				22E6A351282D4674008A651E /* Sources */,
				22E6A352282D4674008A651E /* Frameworks */,
				22E6A353282D4674008A651E /* Resources */,
				C50590E9F69A735DC1A17729 /* [CP] Embed Pods Frameworks */,
			);
			buildRules = (
			);
			dependencies = (
			);
			name = ContactsFetcher;
			productName = ContactsFetcher;
			productReference = 22E6A355282D4674008A651E /* ContactsFetcher.app */;
			productType = "com.apple.product-type.application";
		};
/* End PBXNativeTarget section */

/* Begin PBXProject section */
		22E6A34D282D4674008A651E /* Project object */ = {
			isa = PBXProject;
			attributes = {
				BuildIndependentTargetsInParallel = 1;
				LastSwiftUpdateCheck = 1320;
				LastUpgradeCheck = 1320;
				TargetAttributes = {
					22E6A354282D4674008A651E = {
						CreatedOnToolsVersion = 13.2.1;
					};
				};
			};
			buildConfigurationList = 22E6A350282D4674008A651E /* Build configuration list for PBXProject "ContactsFetcher" */;
			compatibilityVersion = "Xcode 13.0";
			developmentRegion = en;
			hasScannedForEncodings = 0;
			knownRegions = (
				en,
				Base,
				fr,
				"en-GB",
			);
			mainGroup = 22E6A34C282D4674008A651E;
			productRefGroup = 22E6A356282D4674008A651E /* Products */;
			projectDirPath = "";
			projectRoot = "";
			targets = (
				22E6A354282D4674008A651E /* ContactsFetcher */,
			);
		};
/* End PBXProject section */

/* Begin PBXResourcesBuildPhase section */
		22E6A353282D4674008A651E /* Resources */ = {
			isa = PBXResourcesBuildPhase;
			buildActionMask = 2147483647;
			files = (
				22E6A365282D4675008A651E /* LaunchScreen.storyboard in Resources */,
				224D40E1282EF59D0025E1EB /* Localizable.strings in Resources */,
				22E6A362282D4675008A651E /* Assets.xcassets in Resources */,
				22E6A360282D4674008A651E /* Main.storyboard in Resources */,
				2272CE2C282FC4FE00DAE2A4 /* InfoPlist.strings in Resources */,
			);
			runOnlyForDeploymentPostprocessing = 0;
		};
/* End PBXResourcesBuildPhase section */

/* Begin PBXShellScriptBuildPhase section */
		C50590E9F69A735DC1A17729 /* [CP] Embed Pods Frameworks */ = {
			isa = PBXShellScriptBuildPhase;
			buildActionMask = 2147483647;
			files = (
			);
			inputFileListPaths = (
				"${PODS_ROOT}/Target Support Files/Pods-ContactsFetcher/Pods-ContactsFetcher-frameworks-${CONFIGURATION}-input-files.xcfilelist",
			);
			name = "[CP] Embed Pods Frameworks";
			outputFileListPaths = (
				"${PODS_ROOT}/Target Support Files/Pods-ContactsFetcher/Pods-ContactsFetcher-frameworks-${CONFIGURATION}-output-files.xcfilelist",
			);
			runOnlyForDeploymentPostprocessing = 0;
			shellPath = /bin/sh;
			shellScript = "\"${PODS_ROOT}/Target Support Files/Pods-ContactsFetcher/Pods-ContactsFetcher-frameworks.sh\"\n";
			showEnvVarsInLog = 0;
		};
		DE3DACEC6948A60392789C5F /* [CP] Check Pods Manifest.lock */ = {
			isa = PBXShellScriptBuildPhase;
			buildActionMask = 2147483647;
			files = (
			);
			inputFileListPaths = (
			);
			inputPaths = (
				"${PODS_PODFILE_DIR_PATH}/Podfile.lock",
				"${PODS_ROOT}/Manifest.lock",
			);
			name = "[CP] Check Pods Manifest.lock";
			outputFileListPaths = (
			);
			outputPaths = (
				"$(DERIVED_FILE_DIR)/Pods-ContactsFetcher-checkManifestLockResult.txt",
			);
			runOnlyForDeploymentPostprocessing = 0;
			shellPath = /bin/sh;
			shellScript = "diff \"${PODS_PODFILE_DIR_PATH}/Podfile.lock\" \"${PODS_ROOT}/Manifest.lock\" > /dev/null\nif [ $? != 0 ] ; then\n    # print error to STDERR\n    echo \"error: The sandbox is not in sync with the Podfile.lock. Run 'pod install' or update your CocoaPods installation.\" >&2\n    exit 1\nfi\n# This output is used by Xcode 'outputs' to avoid re-running this script phase.\necho \"SUCCESS\" > \"${SCRIPT_OUTPUT_FILE_0}\"\n";
			showEnvVarsInLog = 0;
		};
/* End PBXShellScriptBuildPhase section */

/* Begin PBXSourcesBuildPhase section */
		22E6A351282D4674008A651E /* Sources */ = {
			isa = PBXSourcesBuildPhase;
			buildActionMask = 2147483647;
			files = (
				224D40D0282E776E0025E1EB /* PickerViewController.swift in Sources */,
				224D40D4282E9ED60025E1EB /* HomeViewModel.swift in Sources */,
				2272CE36282FDFCE00DAE2A4 /* ContactsCell.swift in Sources */,
				22E6A35D282D4674008A651E /* LoginViewController.swift in Sources */,
				22E6A359282D4674008A651E /* AppDelegate.swift in Sources */,
				22E6A35B282D4674008A651E /* SceneDelegate.swift in Sources */,
				224D40AC282DAAB40025E1EB /* HomeViewController.swift in Sources */,
				2272CE31282FC76B00DAE2A4 /* FetchedContact.swift in Sources */,
				224D40E9282F85E40025E1EB /* Extensions.swift in Sources */,
				2272CE34282FC7C700DAE2A4 /* ContactsTableViewController.swift in Sources */,
			);
			runOnlyForDeploymentPostprocessing = 0;
		};
/* End PBXSourcesBuildPhase section */

/* Begin PBXVariantGroup section */
		224D40E3282EF59D0025E1EB /* Localizable.strings */ = {
			isa = PBXVariantGroup;
			children = (
				224D40E4282EF5B90025E1EB /* fr */,
				224D40E5282EF5C10025E1EB /* en-GB */,
			);
			name = Localizable.strings;
			sourceTree = "<group>";
		};
		2272CE2E282FC4FE00DAE2A4 /* InfoPlist.strings */ = {
			isa = PBXVariantGroup;
			children = (
				2272CE2D282FC4FE00DAE2A4 /* fr */,
				2272CE2F282FC50800DAE2A4 /* en-GB */,
			);
			name = InfoPlist.strings;
			sourceTree = "<group>";
		};
		22E6A35E282D4674008A651E /* Main.storyboard */ = {
			isa = PBXVariantGroup;
			children = (
				22E6A35F282D4674008A651E /* Base */,
			);
			name = Main.storyboard;
			sourceTree = "<group>";
		};
		22E6A363282D4675008A651E /* LaunchScreen.storyboard */ = {
			isa = PBXVariantGroup;
			children = (
				22E6A364282D4675008A651E /* Base */,
			);
			name = LaunchScreen.storyboard;
			sourceTree = "<group>";
		};
/* End PBXVariantGroup section */

/* Begin XCBuildConfiguration section */
		22E6A367282D4675008A651E /* Debug */ = {
			isa = XCBuildConfiguration;
			buildSettings = {
				ALWAYS_SEARCH_USER_PATHS = NO;
				CLANG_ANALYZER_LOCALIZABILITY_NONLOCALIZED = YES;
				CLANG_ANALYZER_NONNULL = YES;
				CLANG_ANALYZER_NUMBER_OBJECT_CONVERSION = YES_AGGRESSIVE;
				CLANG_CXX_LANGUAGE_STANDARD = "gnu++17";
				CLANG_CXX_LIBRARY = "libc++";
				CLANG_ENABLE_MODULES = YES;
				CLANG_ENABLE_OBJC_ARC = YES;
				CLANG_ENABLE_OBJC_WEAK = YES;
				CLANG_WARN_BLOCK_CAPTURE_AUTORELEASING = YES;
				CLANG_WARN_BOOL_CONVERSION = YES;
				CLANG_WARN_COMMA = YES;
				CLANG_WARN_CONSTANT_CONVERSION = YES;
				CLANG_WARN_DEPRECATED_OBJC_IMPLEMENTATIONS = YES;
				CLANG_WARN_DIRECT_OBJC_ISA_USAGE = YES_ERROR;
				CLANG_WARN_DOCUMENTATION_COMMENTS = YES;
				CLANG_WARN_EMPTY_BODY = YES;
				CLANG_WARN_ENUM_CONVERSION = YES;
				CLANG_WARN_INFINITE_RECURSION = YES;
				CLANG_WARN_INT_CONVERSION = YES;
				CLANG_WARN_NON_LITERAL_NULL_CONVERSION = YES;
				CLANG_WARN_OBJC_IMPLICIT_RETAIN_SELF = YES;
				CLANG_WARN_OBJC_LITERAL_CONVERSION = YES;
				CLANG_WARN_OBJC_ROOT_CLASS = YES_ERROR;
				CLANG_WARN_QUOTED_INCLUDE_IN_FRAMEWORK_HEADER = YES;
				CLANG_WARN_RANGE_LOOP_ANALYSIS = YES;
				CLANG_WARN_STRICT_PROTOTYPES = YES;
				CLANG_WARN_SUSPICIOUS_MOVE = YES;
				CLANG_WARN_UNGUARDED_AVAILABILITY = YES_AGGRESSIVE;
				CLANG_WARN_UNREACHABLE_CODE = YES;
				CLANG_WARN__DUPLICATE_METHOD_MATCH = YES;
				COPY_PHASE_STRIP = NO;
				DEBUG_INFORMATION_FORMAT = dwarf;
				ENABLE_STRICT_OBJC_MSGSEND = YES;
				ENABLE_TESTABILITY = YES;
				GCC_C_LANGUAGE_STANDARD = gnu11;
				GCC_DYNAMIC_NO_PIC = NO;
				GCC_NO_COMMON_BLOCKS = YES;
				GCC_OPTIMIZATION_LEVEL = 0;
				GCC_PREPROCESSOR_DEFINITIONS = (
					"DEBUG=1",
					"$(inherited)",
				);
				GCC_WARN_64_TO_32_BIT_CONVERSION = YES;
				GCC_WARN_ABOUT_RETURN_TYPE = YES_ERROR;
				GCC_WARN_UNDECLARED_SELECTOR = YES;
				GCC_WARN_UNINITIALIZED_AUTOS = YES_AGGRESSIVE;
				GCC_WARN_UNUSED_FUNCTION = YES;
				GCC_WARN_UNUSED_VARIABLE = YES;
				IPHONEOS_DEPLOYMENT_TARGET = 15.2;
				MTL_ENABLE_DEBUG_INFO = INCLUDE_SOURCE;
				MTL_FAST_MATH = YES;
				ONLY_ACTIVE_ARCH = YES;
				SDKROOT = iphoneos;
				SWIFT_ACTIVE_COMPILATION_CONDITIONS = DEBUG;
				SWIFT_OPTIMIZATION_LEVEL = "-Onone";
			};
			name = Debug;
		};
		22E6A368282D4675008A651E /* Release */ = {
			isa = XCBuildConfiguration;
			buildSettings = {
				ALWAYS_SEARCH_USER_PATHS = NO;
				CLANG_ANALYZER_LOCALIZABILITY_NONLOCALIZED = YES;
				CLANG_ANALYZER_NONNULL = YES;
				CLANG_ANALYZER_NUMBER_OBJECT_CONVERSION = YES_AGGRESSIVE;
				CLANG_CXX_LANGUAGE_STANDARD = "gnu++17";
				CLANG_CXX_LIBRARY = "libc++";
				CLANG_ENABLE_MODULES = YES;
				CLANG_ENABLE_OBJC_ARC = YES;
				CLANG_ENABLE_OBJC_WEAK = YES;
				CLANG_WARN_BLOCK_CAPTURE_AUTORELEASING = YES;
				CLANG_WARN_BOOL_CONVERSION = YES;
				CLANG_WARN_COMMA = YES;
				CLANG_WARN_CONSTANT_CONVERSION = YES;
				CLANG_WARN_DEPRECATED_OBJC_IMPLEMENTATIONS = YES;
				CLANG_WARN_DIRECT_OBJC_ISA_USAGE = YES_ERROR;
				CLANG_WARN_DOCUMENTATION_COMMENTS = YES;
				CLANG_WARN_EMPTY_BODY = YES;
				CLANG_WARN_ENUM_CONVERSION = YES;
				CLANG_WARN_INFINITE_RECURSION = YES;
				CLANG_WARN_INT_CONVERSION = YES;
				CLANG_WARN_NON_LITERAL_NULL_CONVERSION = YES;
				CLANG_WARN_OBJC_IMPLICIT_RETAIN_SELF = YES;
				CLANG_WARN_OBJC_LITERAL_CONVERSION = YES;
				CLANG_WARN_OBJC_ROOT_CLASS = YES_ERROR;
				CLANG_WARN_QUOTED_INCLUDE_IN_FRAMEWORK_HEADER = YES;
				CLANG_WARN_RANGE_LOOP_ANALYSIS = YES;
				CLANG_WARN_STRICT_PROTOTYPES = YES;
				CLANG_WARN_SUSPICIOUS_MOVE = YES;
				CLANG_WARN_UNGUARDED_AVAILABILITY = YES_AGGRESSIVE;
				CLANG_WARN_UNREACHABLE_CODE = YES;
				CLANG_WARN__DUPLICATE_METHOD_MATCH = YES;
				COPY_PHASE_STRIP = NO;
				DEBUG_INFORMATION_FORMAT = "dwarf-with-dsym";
				ENABLE_NS_ASSERTIONS = NO;
				ENABLE_STRICT_OBJC_MSGSEND = YES;
				GCC_C_LANGUAGE_STANDARD = gnu11;
				GCC_NO_COMMON_BLOCKS = YES;
				GCC_WARN_64_TO_32_BIT_CONVERSION = YES;
				GCC_WARN_ABOUT_RETURN_TYPE = YES_ERROR;
				GCC_WARN_UNDECLARED_SELECTOR = YES;
				GCC_WARN_UNINITIALIZED_AUTOS = YES_AGGRESSIVE;
				GCC_WARN_UNUSED_FUNCTION = YES;
				GCC_WARN_UNUSED_VARIABLE = YES;
				IPHONEOS_DEPLOYMENT_TARGET = 15.2;
				MTL_ENABLE_DEBUG_INFO = NO;
				MTL_FAST_MATH = YES;
				SDKROOT = iphoneos;
				SWIFT_COMPILATION_MODE = wholemodule;
				SWIFT_OPTIMIZATION_LEVEL = "-O";
				VALIDATE_PRODUCT = YES;
			};
			name = Release;
		};
		22E6A36A282D4675008A651E /* Debug */ = {
			isa = XCBuildConfiguration;
			baseConfigurationReference = 70897CBFD20FFB48933DA684 /* Pods-ContactsFetcher.debug.xcconfig */;
			buildSettings = {
				ASSETCATALOG_COMPILER_APPICON_NAME = AppIcon;
				ASSETCATALOG_COMPILER_GLOBAL_ACCENT_COLOR_NAME = AccentColor;
				CODE_SIGN_STYLE = Automatic;
				CURRENT_PROJECT_VERSION = 1;
				GENERATE_INFOPLIST_FILE = YES;
				INFOPLIST_FILE = ContactsFetcher/Info.plist;
				INFOPLIST_KEY_UIApplicationSupportsIndirectInputEvents = YES;
				INFOPLIST_KEY_UILaunchStoryboardName = LaunchScreen;
				INFOPLIST_KEY_UIMainStoryboardFile = Main;
				INFOPLIST_KEY_UISupportedInterfaceOrientations_iPad = "UIInterfaceOrientationPortrait UIInterfaceOrientationPortraitUpsideDown UIInterfaceOrientationLandscapeLeft UIInterfaceOrientationLandscapeRight";
				INFOPLIST_KEY_UISupportedInterfaceOrientations_iPhone = "UIInterfaceOrientationPortrait UIInterfaceOrientationLandscapeLeft UIInterfaceOrientationLandscapeRight";
				IPHONEOS_DEPLOYMENT_TARGET = 13.0;
				LD_RUNPATH_SEARCH_PATHS = (
					"$(inherited)",
					"@executable_path/Frameworks",
				);
				MARKETING_VERSION = 1.0;
				PRODUCT_BUNDLE_IDENTIFIER = com.example.ContactsFetcher;
				PRODUCT_NAME = "$(TARGET_NAME)";
				SWIFT_EMIT_LOC_STRINGS = YES;
				SWIFT_VERSION = 5.0;
				TARGETED_DEVICE_FAMILY = "1,2";
			};
			name = Debug;
		};
		22E6A36B282D4675008A651E /* Release */ = {
			isa = XCBuildConfiguration;
			baseConfigurationReference = F1C2F6B6C7806E62FE968FBD /* Pods-ContactsFetcher.release.xcconfig */;
			buildSettings = {
				ASSETCATALOG_COMPILER_APPICON_NAME = AppIcon;
				ASSETCATALOG_COMPILER_GLOBAL_ACCENT_COLOR_NAME = AccentColor;
				CODE_SIGN_STYLE = Automatic;
				CURRENT_PROJECT_VERSION = 1;
				GENERATE_INFOPLIST_FILE = YES;
				INFOPLIST_FILE = ContactsFetcher/Info.plist;
				INFOPLIST_KEY_UIApplicationSupportsIndirectInputEvents = YES;
				INFOPLIST_KEY_UILaunchStoryboardName = LaunchScreen;
				INFOPLIST_KEY_UIMainStoryboardFile = Main;
				INFOPLIST_KEY_UISupportedInterfaceOrientations_iPad = "UIInterfaceOrientationPortrait UIInterfaceOrientationPortraitUpsideDown UIInterfaceOrientationLandscapeLeft UIInterfaceOrientationLandscapeRight";
				INFOPLIST_KEY_UISupportedInterfaceOrientations_iPhone = "UIInterfaceOrientationPortrait UIInterfaceOrientationLandscapeLeft UIInterfaceOrientationLandscapeRight";
				IPHONEOS_DEPLOYMENT_TARGET = 13.0;
				LD_RUNPATH_SEARCH_PATHS = (
					"$(inherited)",
					"@executable_path/Frameworks",
				);
				MARKETING_VERSION = 1.0;
				PRODUCT_BUNDLE_IDENTIFIER = com.example.ContactsFetcher;
				PRODUCT_NAME = "$(TARGET_NAME)";
				SWIFT_EMIT_LOC_STRINGS = YES;
				SWIFT_VERSION = 5.0;
				TARGETED_DEVICE_FAMILY = "1,2";
			};
			name = Release;
		};
/* End XCBuildConfiguration section */

/* Begin XCConfigurationList section */
		22E6A350282D4674008A651E /* Build configuration list for PBXProject "ContactsFetcher" */ = {
			isa = XCConfigurationList;
			buildConfigurations = (
				22E6A367282D4675008A651E /* Debug */,
				22E6A368282D4675008A651E /* Release */,
			);
			defaultConfigurationIsVisible = 0;
			defaultConfigurationName = Release;
		};
		22E6A369282D4675008A651E /* Build configuration list for PBXNativeTarget "ContactsFetcher" */ = {
			isa = XCConfigurationList;
			buildConfigurations = (
				22E6A36A282D4675008A651E /* Debug */,
				22E6A36B282D4675008A651E /* Release */,
			);
			defaultConfigurationIsVisible = 0;
			defaultConfigurationName = Release;
		};
/* End XCConfigurationList section */
	};
	rootObject = 22E6A34D282D4674008A651E /* Project object */;
}
